
Microsoft Visual Studio Solution File, Format Version 12.00
# Visual Studio Version 16
VisualStudioVersion = 16.0.29905.134
MinimumVisualStudioVersion = 10.0.40219.1
Project("{FAE04EC0-301F-11D3-BF4B-00C04F79EFBC}") = "TestMediatr", "TestMediatr\TestMediatr.csproj", "{FB7E933A-4CA5-4126-8E05-FA336B8E2505}"
EndProject
Global
	GlobalSection(SolutionConfigurationPlatforms) = preSolution
		Debug|Any CPU = Debug|Any CPU
		Release|Any CPU = Release|Any CPU
	EndGlobalSection
	GlobalSection(ProjectConfigurationPlatforms) = postSolution
		{FB7E933A-4CA5-4126-8E05-FA336B8E2505}.Debug|Any CPU.ActiveCfg = Debug|Any CPU
		{FB7E933A-4CA5-4126-8E05-FA336B8E2505}.Debug|Any CPU.Build.0 = Debug|Any CPU
		{FB7E933A-4CA5-4126-8E05-FA336B8E2505}.Release|Any CPU.ActiveCfg = Release|Any CPU
		{FB7E933A-4CA5-4126-8E05-FA336B8E2505}.Release|Any CPU.Build.0 = Release|Any CPU
	EndGlobalSection
	GlobalSection(SolutionProperties) = preSolution
		HideSolutionNode = FALSE
	EndGlobalSection
	GlobalSection(ExtensibilityGlobals) = postSolution
		SolutionGuid = {226D7848-8923-47E9-92E8-CDB2E12D395D}
	EndGlobalSection
EndGlobal
